
Microsoft Visual Studio Solution File, Format Version 12.00
# Visual Studio Version 16
VisualStudioVersion = 16.0.32228.343
MinimumVisualStudioVersion = 10.0.40219.1
Project("{FAE04EC0-301F-11D3-BF4B-00C04F79EFBC}") = "CRUDWinFormsMVP", "CRUDWinFormsMVP\CRUDWinFormsMVP.csproj", "{7C2F0CD7-CF1B-41F9-A9B9-132EBA642217}"
EndProject
Global
	GlobalSection(SolutionConfigurationPlatforms) = preSolution
		Debug|Any CPU = Debug|Any CPU
		Release|Any CPU = Release|Any CPU
	EndGlobalSection
	GlobalSection(ProjectConfigurationPlatforms) = postSolution
		{7C2F0CD7-CF1B-41F9-A9B9-132EBA642217}.Debug|Any CPU.ActiveCfg = Debug|Any CPU
		{7C2F0CD7-CF1B-41F9-A9B9-132EBA642217}.Debug|Any CPU.Build.0 = Debug|Any CPU
		{7C2F0CD7-CF1B-41F9-A9B9-132EBA642217}.Release|Any CPU.ActiveCfg = Release|Any CPU
		{7C2F0CD7-CF1B-41F9-A9B9-132EBA642217}.Release|Any CPU.Build.0 = Release|Any CPU
	EndGlobalSection
	GlobalSection(SolutionProperties) = preSolution
		HideSolutionNode = FALSE
	EndGlobalSection
	GlobalSection(ExtensibilityGlobals) = postSolution
		SolutionGuid = {002004AD-BC90-4896-BE4D-D4E254DE3BEC}
	EndGlobalSection
EndGlobal
